
Microsoft Visual Studio Solution File, Format Version 12.00
# Visual Studio Version 16
VisualStudioVersion = 16.0.30413.136
MinimumVisualStudioVersion = 10.0.40219.1
Project("{9A19103F-16F7-4668-BE54-9A1E7A4F7556}") = "Sikiro.Web.Admin", "src\GS.Web.Admin\Sikiro.Web.Admin.csproj", "{C7C94DAD-53EE-457A-B8D1-B303985471A9}"
EndProject
Project("{9A19103F-16F7-4668-BE54-9A1E7A4F7556}") = "Sikiro.Entity.System", "src\GS.Entity.System\Sikiro.Entity.System.csproj", "{2A9D3866-E8ED-4F86-A2B1-313F2CC7AD2C}"
EndProject
Project("{9A19103F-16F7-4668-BE54-9A1E7A4F7556}") = "Sikiro.Common.Utils", "src\GS.Common.Utils\Sikiro.Common.Utils.csproj", "{AB8C26C8-D032-4A01-A98D-B88F13319226}"
EndProject
Project("{2150E333-8FDC-42A3-9474-1A3956D46DE8}") = "0.Tookits", "0.Tookits", "{DD0F3578-88BD-454F-8121-0DCEF747011C}"
EndProject
Project("{2150E333-8FDC-42A3-9474-1A3956D46DE8}") = "1.Entity", "1.Entity", "{4E703F2B-5ACF-47D2-A158-7890AA5E0AF8}"
EndProject
Project("{2150E333-8FDC-42A3-9474-1A3956D46DE8}") = "3.BAL", "3.BAL", "{A4C441AB-36A4-4446-8DFC-D2F00EF573A3}"
EndProject
Project("{2150E333-8FDC-42A3-9474-1A3956D46DE8}") = "4.Web", "4.Web", "{1223190E-458E-4B1E-B37F-F2E394B0F623}"
EndProject
Project("{9A19103F-16F7-4668-BE54-9A1E7A4F7556}") = "Sikiro.Tookits", "src\Sikiro.Tookits\Sikiro.Tookits.csproj", "{DBD94BA0-0F19-4B5A-B2A7-C2AE98FC2051}"
EndProject
Project("{9A19103F-16F7-4668-BE54-9A1E7A4F7556}") = "Sikiro.Nosql.Mongo", "src\Sikiro.Nosql.Mongo\Sikiro.Nosql.Mongo.csproj", "{269932D3-5CE9-4BBA-89AE-B053826FBF57}"
EndProject
Project("{9A19103F-16F7-4668-BE54-9A1E7A4F7556}") = "Sikiro.Service.System", "src\GS.Service.System\Sikiro.Service.System.csproj", "{D623FFE4-696B-423A-9AD8-FA4927BE9706}"
EndProject
Global
	GlobalSection(SolutionConfigurationPlatforms) = preSolution
		Debug|Any CPU = Debug|Any CPU
		Debug|x86 = Debug|x86
		Release|Any CPU = Release|Any CPU
		Release|x86 = Release|x86
	EndGlobalSection
	GlobalSection(ProjectConfigurationPlatforms) = postSolution
		{C7C94DAD-53EE-457A-B8D1-B303985471A9}.Debug|Any CPU.ActiveCfg = Debug|Any CPU
		{C7C94DAD-53EE-457A-B8D1-B303985471A9}.Debug|Any CPU.Build.0 = Debug|Any CPU
		{C7C94DAD-53EE-457A-B8D1-B303985471A9}.Debug|x86.ActiveCfg = Debug|Any CPU
		{C7C94DAD-53EE-457A-B8D1-B303985471A9}.Debug|x86.Build.0 = Debug|Any CPU
		{C7C94DAD-53EE-457A-B8D1-B303985471A9}.Release|Any CPU.ActiveCfg = Release|Any CPU
		{C7C94DAD-53EE-457A-B8D1-B303985471A9}.Release|Any CPU.Build.0 = Release|Any CPU
		{C7C94DAD-53EE-457A-B8D1-B303985471A9}.Release|x86.ActiveCfg = Release|Any CPU
		{C7C94DAD-53EE-457A-B8D1-B303985471A9}.Release|x86.Build.0 = Release|Any CPU
		{2A9D3866-E8ED-4F86-A2B1-313F2CC7AD2C}.Debug|Any CPU.ActiveCfg = Debug|Any CPU
		{2A9D3866-E8ED-4F86-A2B1-313F2CC7AD2C}.Debug|Any CPU.Build.0 = Debug|Any CPU
		{2A9D3866-E8ED-4F86-A2B1-313F2CC7AD2C}.Debug|x86.ActiveCfg = Debug|Any CPU
		{2A9D3866-E8ED-4F86-A2B1-313F2CC7AD2C}.Debug|x86.Build.0 = Debug|Any CPU
		{2A9D3866-E8ED-4F86-A2B1-313F2CC7AD2C}.Release|Any CPU.ActiveCfg = Release|Any CPU
		{2A9D3866-E8ED-4F86-A2B1-313F2CC7AD2C}.Release|Any CPU.Build.0 = Release|Any CPU
		{2A9D3866-E8ED-4F86-A2B1-313F2CC7AD2C}.Release|x86.ActiveCfg = Release|Any CPU
		{2A9D3866-E8ED-4F86-A2B1-313F2CC7AD2C}.Release|x86.Build.0 = Release|Any CPU
		{AB8C26C8-D032-4A01-A98D-B88F13319226}.Debug|Any CPU.ActiveCfg = Debug|Any CPU
		{AB8C26C8-D032-4A01-A98D-B88F13319226}.Debug|Any CPU.Build.0 = Debug|Any CPU
		{AB8C26C8-D032-4A01-A98D-B88F13319226}.Debug|x86.ActiveCfg = Debug|Any CPU
		{AB8C26C8-D032-4A01-A98D-B88F13319226}.Debug|x86.Build.0 = Debug|Any CPU
		{AB8C26C8-D032-4A01-A98D-B88F13319226}.Release|Any CPU.ActiveCfg = Release|Any CPU
		{AB8C26C8-D032-4A01-A98D-B88F13319226}.Release|Any CPU.Build.0 = Release|Any CPU
		{AB8C26C8-D032-4A01-A98D-B88F13319226}.Release|x86.ActiveCfg = Release|Any CPU
		{AB8C26C8-D032-4A01-A98D-B88F13319226}.Release|x86.Build.0 = Release|Any CPU
		{DBD94BA0-0F19-4B5A-B2A7-C2AE98FC2051}.Debug|Any CPU.ActiveCfg = Debug|Any CPU
		{DBD94BA0-0F19-4B5A-B2A7-C2AE98FC2051}.Debug|Any CPU.Build.0 = Debug|Any CPU
		{DBD94BA0-0F19-4B5A-B2A7-C2AE98FC2051}.Debug|x86.ActiveCfg = Debug|Any CPU
		{DBD94BA0-0F19-4B5A-B2A7-C2AE98FC2051}.Debug|x86.Build.0 = Debug|Any CPU
		{DBD94BA0-0F19-4B5A-B2A7-C2AE98FC2051}.Release|Any CPU.ActiveCfg = Release|Any CPU
		{DBD94BA0-0F19-4B5A-B2A7-C2AE98FC2051}.Release|Any CPU.Build.0 = Release|Any CPU
		{DBD94BA0-0F19-4B5A-B2A7-C2AE98FC2051}.Release|x86.ActiveCfg = Release|Any CPU
		{DBD94BA0-0F19-4B5A-B2A7-C2AE98FC2051}.Release|x86.Build.0 = Release|Any CPU
		{269932D3-5CE9-4BBA-89AE-B053826FBF57}.Debug|Any CPU.ActiveCfg = Debug|Any CPU
		{269932D3-5CE9-4BBA-89AE-B053826FBF57}.Debug|Any CPU.Build.0 = Debug|Any CPU
		{269932D3-5CE9-4BBA-89AE-B053826FBF57}.Debug|x86.ActiveCfg = Debug|Any CPU
		{269932D3-5CE9-4BBA-89AE-B053826FBF57}.Debug|x86.Build.0 = Debug|Any CPU
		{269932D3-5CE9-4BBA-89AE-B053826FBF57}.Release|Any CPU.ActiveCfg = Release|Any CPU
		{269932D3-5CE9-4BBA-89AE-B053826FBF57}.Release|Any CPU.Build.0 = Release|Any CPU
		{269932D3-5CE9-4BBA-89AE-B053826FBF57}.Release|x86.ActiveCfg = Release|Any CPU
		{269932D3-5CE9-4BBA-89AE-B053826FBF57}.Release|x86.Build.0 = Release|Any CPU
		{D623FFE4-696B-423A-9AD8-FA4927BE9706}.Debug|Any CPU.ActiveCfg = Debug|Any CPU
		{D623FFE4-696B-423A-9AD8-FA4927BE9706}.Debug|Any CPU.Build.0 = Debug|Any CPU
		{D623FFE4-696B-423A-9AD8-FA4927BE9706}.Debug|x86.ActiveCfg = Debug|Any CPU
		{D623FFE4-696B-423A-9AD8-FA4927BE9706}.Debug|x86.Build.0 = Debug|Any CPU
		{D623FFE4-696B-423A-9AD8-FA4927BE9706}.Release|Any CPU.ActiveCfg = Release|Any CPU
		{D623FFE4-696B-423A-9AD8-FA4927BE9706}.Release|Any CPU.Build.0 = Release|Any CPU
		{D623FFE4-696B-423A-9AD8-FA4927BE9706}.Release|x86.ActiveCfg = Release|Any CPU
		{D623FFE4-696B-423A-9AD8-FA4927BE9706}.Release|x86.Build.0 = Release|Any CPU
	EndGlobalSection
	GlobalSection(SolutionProperties) = preSolution
		HideSolutionNode = FALSE
	EndGlobalSection
	GlobalSection(NestedProjects) = preSolution
		{C7C94DAD-53EE-457A-B8D1-B303985471A9} = {1223190E-458E-4B1E-B37F-F2E394B0F623}
		{2A9D3866-E8ED-4F86-A2B1-313F2CC7AD2C} = {4E703F2B-5ACF-47D2-A158-7890AA5E0AF8}
		{AB8C26C8-D032-4A01-A98D-B88F13319226} = {DD0F3578-88BD-454F-8121-0DCEF747011C}
		{DBD94BA0-0F19-4B5A-B2A7-C2AE98FC2051} = {DD0F3578-88BD-454F-8121-0DCEF747011C}
		{269932D3-5CE9-4BBA-89AE-B053826FBF57} = {DD0F3578-88BD-454F-8121-0DCEF747011C}
		{D623FFE4-696B-423A-9AD8-FA4927BE9706} = {A4C441AB-36A4-4446-8DFC-D2F00EF573A3}
	EndGlobalSection
	GlobalSection(ExtensibilityGlobals) = postSolution
		SolutionGuid = {3C3740BC-783F-4E4F-BCC7-FF1641C07E91}
	EndGlobalSection
EndGlobal
